{
  "originHash" : "7da4e6d69cad688c41e8bcfc17de6fdfe0b1893ab8573b790c2d92726c95efde",
  "pins" : [
    {
      "identity" : "generative-ai-swift",
      "kind" : "remoteSourceControl",
      "location" : "https://github.com/google/generative-ai-swift",
      "state" : {
        "revision" : "a155dbd2f2fd3f1c4bdfb1c3bd4d583cdfbb12f7",
        "version" : "0.4.3"
      }
    },
    {
      "identity" : "highlighterswift",
      "kind" : "remoteSourceControl",
      "location" : "https://github.com/smittytone/HighlighterSwift.git",
      "state" : {
        "revision" : "e447ac75b40f6ecbed0cfb5bdc55abfbf07aa81a",
        "version" : "1.1.5"
      }
    },
    {
      "identity" : "lottie-spm",
      "kind" : "remoteSourceControl",
      "location" : "https://github.com/airbnb/lottie-spm.git",
      "state" : {
        "revision" : "1d29eccc24cc8b75bff9f6804155112c0ffc9605",
        "version" : "4.4.3"
      }
    },
    {
      "identity" : "swift-cmark",
      "kind" : "remoteSourceControl",
      "location" : "https://github.com/apple/swift-cmark.git",
      "state" : {
        "revision" : "3bc2f3e25df0cecc5dc269f7ccae65d0f386f06a",
        "version" : "0.4.0"
      }
    },
    {
      "identity" : "swift-markdown",
      "kind" : "remoteSourceControl",
      "location" : "https://github.com/apple/swift-markdown",
      "state" : {
        "revision" : "4aae40bf6fff5286e0e1672329d17824ce16e081",
        "version" : "0.4.0"
      }
    }
  ],
  "version" : 3
}
