{
  "originHash" : "f8c2278e6b23c14aaea95fbc950f28a83f3daa1e27a2bc8268939ce55b6c7805",
  "pins" : [
    {
      "identity" : "generative-ai-swift",
      "kind" : "remoteSourceControl",
      "location" : "https://github.com/google/generative-ai-swift",
      "state" : {
        "revision" : "a155dbd2f2fd3f1c4bdfb1c3bd4d583cdfbb12f7",
        "version" : "0.4.3"
      }
    },
    {
      "identity" : "lottie-spm",
      "kind" : "remoteSourceControl",
      "location" : "https://github.com/airbnb/lottie-spm.git",
      "state" : {
        "revision" : "1d29eccc24cc8b75bff9f6804155112c0ffc9605",
        "version" : "4.4.3"
      }
    }
  ],
  "version" : 3
}
