// !$*UTF8*$!
{
	archiveVersion = 1;
	classes = {
	};
	objectVersion = 56;
	objects = {

/* Begin PBXBuildFile section */
		395C31AA2B2C5D5200B8EC1D /* AspriApp.swift in Sources */ = {isa = PBXBuildFile; fileRef = 395C31A92B2C5D5200B8EC1D /* AspriApp.swift */; };
		395C31B02B2C5D5300B8EC1D /* Assets.xcassets in Resources */ = {isa = PBXBuildFile; fileRef = 395C31AF2B2C5D5300B8EC1D /* Assets.xcassets */; };
		395C31B32B2C5D5300B8EC1D /* Preview Assets.xcassets in Resources */ = {isa = PBXBuildFile; fileRef = 395C31B22B2C5D5300B8EC1D /* Preview Assets.xcassets */; };
		395C31BC2B2C5E9400B8EC1D /* ApiKey.swift in Sources */ = {isa = PBXBuildFile; fileRef = 395C31BB2B2C5E9400B8EC1D /* ApiKey.swift */; };
		395C31BF2B2C716300B8EC1D /* GoogleGenerativeAI in Frameworks */ = {isa = PBXBuildFile; productRef = 395C31BE2B2C716300B8EC1D /* GoogleGenerativeAI */; };
		395C31C22B2C737A00B8EC1D /* ChatModel.swift in Sources */ = {isa = PBXBuildFile; fileRef = 395C31C12B2C737A00B8EC1D /* ChatModel.swift */; };
		395C31C52B2C74CC00B8EC1D /* ChatView.swift in Sources */ = {isa = PBXBuildFile; fileRef = 395C31C42B2C74CC00B8EC1D /* ChatView.swift */; };
		395C31C82B2D2BC500B8EC1D /* ChatBubble.swift in Sources */ = {isa = PBXBuildFile; fileRef = 395C31C72B2D2BC500B8EC1D /* ChatBubble.swift */; };
		395C31CB2B2D586000B8EC1D /* ChatModelData.swift in Sources */ = {isa = PBXBuildFile; fileRef = 395C31CA2B2D586000B8EC1D /* ChatModelData.swift */; };
		395C31CD2B2D5F5B00B8EC1D /* PreviewContainer.swift in Sources */ = {isa = PBXBuildFile; fileRef = 395C31CC2B2D5F5B00B8EC1D /* PreviewContainer.swift */; };
		399B5FA12C33AA2F00521F7E /* Scroller.swift in Sources */ = {isa = PBXBuildFile; fileRef = 399B5FA02C33AA2F00521F7E /* Scroller.swift */; };
		399B5FA42C3421BC00521F7E /* Lottie in Frameworks */ = {isa = PBXBuildFile; productRef = 399B5FA32C3421BC00521F7E /* Lottie */; };
		399B5FA62C34265700521F7E /* LottieView.swift in Sources */ = {isa = PBXBuildFile; fileRef = 399B5FA52C34265700521F7E /* LottieView.swift */; };
		399B5FA92C34273100521F7E /* typing animation.json.bak in Resources */ = {isa = PBXBuildFile; fileRef = 399B5FA82C34273100521F7E /* typing animation.json.bak */; };
		399B5FAC2C34295C00521F7E /* LottieFiles.swift in Sources */ = {isa = PBXBuildFile; fileRef = 399B5FAB2C34295C00521F7E /* LottieFiles.swift */; };
		399B5FAE2C34437F00521F7E /* typing animation.json in Resources */ = {isa = PBXBuildFile; fileRef = 399B5FAD2C34437F00521F7E /* typing animation.json */; };
		39BBEB612C352398000DCD51 /* MarkdownParser.swift in Sources */ = {isa = PBXBuildFile; fileRef = 39BBEB602C352398000DCD51 /* MarkdownParser.swift */; };
		39BBEB642C352439000DCD51 /* Markdown in Frameworks */ = {isa = PBXBuildFile; productRef = 39BBEB632C352439000DCD51 /* Markdown */; };
/* End PBXBuildFile section */

/* Begin PBXFileReference section */
		395C31A62B2C5D5200B8EC1D /* Aspri.app */ = {isa = PBXFileReference; explicitFileType = wrapper.application; includeInIndex = 0; path = Aspri.app; sourceTree = BUILT_PRODUCTS_DIR; };
		395C31A92B2C5D5200B8EC1D /* AspriApp.swift */ = {isa = PBXFileReference; lastKnownFileType = sourcecode.swift; path = AspriApp.swift; sourceTree = "<group>"; };
		395C31AF2B2C5D5300B8EC1D /* Assets.xcassets */ = {isa = PBXFileReference; lastKnownFileType = folder.assetcatalog; path = Assets.xcassets; sourceTree = "<group>"; };
		395C31B22B2C5D5300B8EC1D /* Preview Assets.xcassets */ = {isa = PBXFileReference; lastKnownFileType = folder.assetcatalog; path = "Preview Assets.xcassets"; sourceTree = "<group>"; };
		395C31B42B2C5D5300B8EC1D /* Aspri.entitlements */ = {isa = PBXFileReference; lastKnownFileType = text.plist.entitlements; path = Aspri.entitlements; sourceTree = "<group>"; };
		395C31B52B2C5D5300B8EC1D /* Info.plist */ = {isa = PBXFileReference; lastKnownFileType = text.plist.xml; path = Info.plist; sourceTree = "<group>"; };
		395C31BB2B2C5E9400B8EC1D /* ApiKey.swift */ = {isa = PBXFileReference; lastKnownFileType = sourcecode.swift; path = ApiKey.swift; sourceTree = "<group>"; };
		395C31C12B2C737A00B8EC1D /* ChatModel.swift */ = {isa = PBXFileReference; lastKnownFileType = sourcecode.swift; path = ChatModel.swift; sourceTree = "<group>"; };
		395C31C42B2C74CC00B8EC1D /* ChatView.swift */ = {isa = PBXFileReference; lastKnownFileType = sourcecode.swift; path = ChatView.swift; sourceTree = "<group>"; };
		395C31C72B2D2BC500B8EC1D /* ChatBubble.swift */ = {isa = PBXFileReference; lastKnownFileType = sourcecode.swift; path = ChatBubble.swift; sourceTree = "<group>"; };
		395C31CA2B2D586000B8EC1D /* ChatModelData.swift */ = {isa = PBXFileReference; lastKnownFileType = sourcecode.swift; path = ChatModelData.swift; sourceTree = "<group>"; };
		395C31CC2B2D5F5B00B8EC1D /* PreviewContainer.swift */ = {isa = PBXFileReference; lastKnownFileType = sourcecode.swift; path = PreviewContainer.swift; sourceTree = "<group>"; };
		399B5FA02C33AA2F00521F7E /* Scroller.swift */ = {isa = PBXFileReference; lastKnownFileType = sourcecode.swift; path = Scroller.swift; sourceTree = "<group>"; };
		399B5FA52C34265700521F7E /* LottieView.swift */ = {isa = PBXFileReference; lastKnownFileType = sourcecode.swift; path = LottieView.swift; sourceTree = "<group>"; };
		399B5FA82C34273100521F7E /* typing animation.json.bak */ = {isa = PBXFileReference; fileEncoding = 4; lastKnownFileType = text; path = "typing animation.json.bak"; sourceTree = "<group>"; };
		399B5FAB2C34295C00521F7E /* LottieFiles.swift */ = {isa = PBXFileReference; lastKnownFileType = sourcecode.swift; path = LottieFiles.swift; sourceTree = "<group>"; };
		399B5FAD2C34437F00521F7E /* typing animation.json */ = {isa = PBXFileReference; fileEncoding = 4; lastKnownFileType = text.json; path = "typing animation.json"; sourceTree = "<group>"; };
		39BBEB602C352398000DCD51 /* MarkdownParser.swift */ = {isa = PBXFileReference; lastKnownFileType = sourcecode.swift; path = MarkdownParser.swift; sourceTree = "<group>"; };
/* End PBXFileReference section */

/* Begin PBXFrameworksBuildPhase section */
		395C31A32B2C5D5200B8EC1D /* Frameworks */ = {
			isa = PBXFrameworksBuildPhase;
			buildActionMask = 2147483647;
			files = (
				39BBEB642C352439000DCD51 /* Markdown in Frameworks */,
				395C31BF2B2C716300B8EC1D /* GoogleGenerativeAI in Frameworks */,
				399B5FA42C3421BC00521F7E /* Lottie in Frameworks */,
			);
			runOnlyForDeploymentPostprocessing = 0;
		};
/* End PBXFrameworksBuildPhase section */

/* Begin PBXGroup section */
		395C319D2B2C5D5200B8EC1D = {
			isa = PBXGroup;
			children = (
				395C31A82B2C5D5200B8EC1D /* Aspri */,
				395C31A72B2C5D5200B8EC1D /* Products */,
			);
			sourceTree = "<group>";
		};
		395C31A72B2C5D5200B8EC1D /* Products */ = {
			isa = PBXGroup;
			children = (
				395C31A62B2C5D5200B8EC1D /* Aspri.app */,
			);
			name = Products;
			sourceTree = "<group>";
		};
		395C31A82B2C5D5200B8EC1D /* Aspri */ = {
			isa = PBXGroup;
			children = (
				39BBEB5F2C35230D000DCD51 /* Shared */,
				399B5FA72C34272100521F7E /* LottieFiles */,
				395C31C92B2D584E00B8EC1D /* DataModel */,
				395C31C62B2D2B8100B8EC1D /* Views */,
				395C31C32B2C74A900B8EC1D /* Screens */,
				395C31C02B2C736700B8EC1D /* Models */,
				395C31A92B2C5D5200B8EC1D /* AspriApp.swift */,
				395C31AF2B2C5D5300B8EC1D /* Assets.xcassets */,
				395C31B42B2C5D5300B8EC1D /* Aspri.entitlements */,
				395C31B52B2C5D5300B8EC1D /* Info.plist */,
				395C31B12B2C5D5300B8EC1D /* Preview Content */,
				395C31BB2B2C5E9400B8EC1D /* ApiKey.swift */,
			);
			path = Aspri;
			sourceTree = "<group>";
		};
		395C31B12B2C5D5300B8EC1D /* Preview Content */ = {
			isa = PBXGroup;
			children = (
				395C31B22B2C5D5300B8EC1D /* Preview Assets.xcassets */,
				395C31CC2B2D5F5B00B8EC1D /* PreviewContainer.swift */,
			);
			path = "Preview Content";
			sourceTree = "<group>";
		};
		395C31C02B2C736700B8EC1D /* Models */ = {
			isa = PBXGroup;
			children = (
				395C31C12B2C737A00B8EC1D /* ChatModel.swift */,
			);
			path = Models;
			sourceTree = "<group>";
		};
		395C31C32B2C74A900B8EC1D /* Screens */ = {
			isa = PBXGroup;
			children = (
				395C31C42B2C74CC00B8EC1D /* ChatView.swift */,
				399B5FA02C33AA2F00521F7E /* Scroller.swift */,
			);
			path = Screens;
			sourceTree = "<group>";
		};
		395C31C62B2D2B8100B8EC1D /* Views */ = {
			isa = PBXGroup;
			children = (
				395C31C72B2D2BC500B8EC1D /* ChatBubble.swift */,
				399B5FA52C34265700521F7E /* LottieView.swift */,
			);
			path = Views;
			sourceTree = "<group>";
		};
		395C31C92B2D584E00B8EC1D /* DataModel */ = {
			isa = PBXGroup;
			children = (
				395C31CA2B2D586000B8EC1D /* ChatModelData.swift */,
			);
			path = DataModel;
			sourceTree = "<group>";
		};
		399B5FA72C34272100521F7E /* LottieFiles */ = {
			isa = PBXGroup;
			children = (
				399B5FA82C34273100521F7E /* typing animation.json.bak */,
				399B5FAD2C34437F00521F7E /* typing animation.json */,
				399B5FAB2C34295C00521F7E /* LottieFiles.swift */,
			);
			path = LottieFiles;
			sourceTree = "<group>";
		};
		39BBEB5F2C35230D000DCD51 /* Shared */ = {
			isa = PBXGroup;
			children = (
				39BBEB602C352398000DCD51 /* MarkdownParser.swift */,
			);
			path = Shared;
			sourceTree = "<group>";
		};
/* End PBXGroup section */

/* Begin PBXNativeTarget section */
		395C31A52B2C5D5200B8EC1D /* Aspri */ = {
			isa = PBXNativeTarget;
			buildConfigurationList = 395C31B82B2C5D5300B8EC1D /* Build configuration list for PBXNativeTarget "Aspri" */;
			buildPhases = (
				395C31A22B2C5D5200B8EC1D /* Sources */,
				395C31A32B2C5D5200B8EC1D /* Frameworks */,
				395C31A42B2C5D5200B8EC1D /* Resources */,
			);
			buildRules = (
			);
			dependencies = (
			);
			name = Aspri;
			packageProductDependencies = (
				395C31BE2B2C716300B8EC1D /* GoogleGenerativeAI */,
				399B5FA32C3421BC00521F7E /* Lottie */,
				39BBEB632C352439000DCD51 /* Markdown */,
			);
			productName = Aspri;
			productReference = 395C31A62B2C5D5200B8EC1D /* Aspri.app */;
			productType = "com.apple.product-type.application";
		};
/* End PBXNativeTarget section */

/* Begin PBXProject section */
		395C319E2B2C5D5200B8EC1D /* Project object */ = {
			isa = PBXProject;
			attributes = {
				BuildIndependentTargetsInParallel = 1;
				LastSwiftUpdateCheck = 1500;
				LastUpgradeCheck = 1500;
				TargetAttributes = {
					395C31A52B2C5D5200B8EC1D = {
						CreatedOnToolsVersion = 15.0.1;
					};
				};
			};
			buildConfigurationList = 395C31A12B2C5D5200B8EC1D /* Build configuration list for PBXProject "Aspri" */;
			compatibilityVersion = "Xcode 14.0";
			developmentRegion = en;
			hasScannedForEncodings = 0;
			knownRegions = (
				en,
				Base,
			);
			mainGroup = 395C319D2B2C5D5200B8EC1D;
			packageReferences = (
				395C31BD2B2C716300B8EC1D /* XCRemoteSwiftPackageReference "generative-ai-swift" */,
				399B5FA22C3421BC00521F7E /* XCRemoteSwiftPackageReference "lottie-spm" */,
				39BBEB622C352439000DCD51 /* XCRemoteSwiftPackageReference "swift-markdown" */,
			);
			productRefGroup = 395C31A72B2C5D5200B8EC1D /* Products */;
			projectDirPath = "";
			projectRoot = "";
			targets = (
				395C31A52B2C5D5200B8EC1D /* Aspri */,
			);
		};
/* End PBXProject section */

/* Begin PBXResourcesBuildPhase section */
		395C31A42B2C5D5200B8EC1D /* Resources */ = {
			isa = PBXResourcesBuildPhase;
			buildActionMask = 2147483647;
			files = (
				395C31B32B2C5D5300B8EC1D /* Preview Assets.xcassets in Resources */,
				399B5FA92C34273100521F7E /* typing animation.json.bak in Resources */,
				399B5FAE2C34437F00521F7E /* typing animation.json in Resources */,
				395C31B02B2C5D5300B8EC1D /* Assets.xcassets in Resources */,
			);
			runOnlyForDeploymentPostprocessing = 0;
		};
/* End PBXResourcesBuildPhase section */

/* Begin PBXSourcesBuildPhase section */
		395C31A22B2C5D5200B8EC1D /* Sources */ = {
			isa = PBXSourcesBuildPhase;
			buildActionMask = 2147483647;
			files = (
				39BBEB612C352398000DCD51 /* MarkdownParser.swift in Sources */,
				395C31CD2B2D5F5B00B8EC1D /* PreviewContainer.swift in Sources */,
				395C31C22B2C737A00B8EC1D /* ChatModel.swift in Sources */,
				395C31CB2B2D586000B8EC1D /* ChatModelData.swift in Sources */,
				395C31BC2B2C5E9400B8EC1D /* ApiKey.swift in Sources */,
				399B5FAC2C34295C00521F7E /* LottieFiles.swift in Sources */,
				395C31C52B2C74CC00B8EC1D /* ChatView.swift in Sources */,
				399B5FA12C33AA2F00521F7E /* Scroller.swift in Sources */,
				395C31AA2B2C5D5200B8EC1D /* AspriApp.swift in Sources */,
				399B5FA62C34265700521F7E /* LottieView.swift in Sources */,
				395C31C82B2D2BC500B8EC1D /* ChatBubble.swift in Sources */,
			);
			runOnlyForDeploymentPostprocessing = 0;
		};
/* End PBXSourcesBuildPhase section */

/* Begin XCBuildConfiguration section */
		395C31B62B2C5D5300B8EC1D /* Debug */ = {
			isa = XCBuildConfiguration;
			buildSettings = {
				ALWAYS_SEARCH_USER_PATHS = NO;
				ASSETCATALOG_COMPILER_GENERATE_SWIFT_ASSET_SYMBOL_EXTENSIONS = YES;
				CLANG_ANALYZER_NONNULL = YES;
				CLANG_ANALYZER_NUMBER_OBJECT_CONVERSION = YES_AGGRESSIVE;
				CLANG_CXX_LANGUAGE_STANDARD = "gnu++20";
				CLANG_ENABLE_MODULES = YES;
				CLANG_ENABLE_OBJC_ARC = YES;
				CLANG_ENABLE_OBJC_WEAK = YES;
				CLANG_WARN_BLOCK_CAPTURE_AUTORELEASING = YES;
				CLANG_WARN_BOOL_CONVERSION = YES;
				CLANG_WARN_COMMA = YES;
				CLANG_WARN_CONSTANT_CONVERSION = YES;
				CLANG_WARN_DEPRECATED_OBJC_IMPLEMENTATIONS = YES;
				CLANG_WARN_DIRECT_OBJC_ISA_USAGE = YES_ERROR;
				CLANG_WARN_DOCUMENTATION_COMMENTS = YES;
				CLANG_WARN_EMPTY_BODY = YES;
				CLANG_WARN_ENUM_CONVERSION = YES;
				CLANG_WARN_INFINITE_RECURSION = YES;
				CLANG_WARN_INT_CONVERSION = YES;
				CLANG_WARN_NON_LITERAL_NULL_CONVERSION = YES;
				CLANG_WARN_OBJC_IMPLICIT_RETAIN_SELF = YES;
				CLANG_WARN_OBJC_LITERAL_CONVERSION = YES;
				CLANG_WARN_OBJC_ROOT_CLASS = YES_ERROR;
				CLANG_WARN_QUOTED_INCLUDE_IN_FRAMEWORK_HEADER = YES;
				CLANG_WARN_RANGE_LOOP_ANALYSIS = YES;
				CLANG_WARN_STRICT_PROTOTYPES = YES;
				CLANG_WARN_SUSPICIOUS_MOVE = YES;
				CLANG_WARN_UNGUARDED_AVAILABILITY = YES_AGGRESSIVE;
				CLANG_WARN_UNREACHABLE_CODE = YES;
				CLANG_WARN__DUPLICATE_METHOD_MATCH = YES;
				COPY_PHASE_STRIP = NO;
				DEBUG_INFORMATION_FORMAT = dwarf;
				ENABLE_STRICT_OBJC_MSGSEND = YES;
				ENABLE_TESTABILITY = YES;
				ENABLE_USER_SCRIPT_SANDBOXING = YES;
				GCC_C_LANGUAGE_STANDARD = gnu17;
				GCC_DYNAMIC_NO_PIC = NO;
				GCC_NO_COMMON_BLOCKS = YES;
				GCC_OPTIMIZATION_LEVEL = 0;
				GCC_PREPROCESSOR_DEFINITIONS = (
					"DEBUG=1",
					"$(inherited)",
				);
				GCC_WARN_64_TO_32_BIT_CONVERSION = YES;
				GCC_WARN_ABOUT_RETURN_TYPE = YES_ERROR;
				GCC_WARN_UNDECLARED_SELECTOR = YES;
				GCC_WARN_UNINITIALIZED_AUTOS = YES_AGGRESSIVE;
				GCC_WARN_UNUSED_FUNCTION = YES;
				GCC_WARN_UNUSED_VARIABLE = YES;
				IPHONEOS_DEPLOYMENT_TARGET = 17.0;
				LOCALIZATION_PREFERS_STRING_CATALOGS = YES;
				MTL_ENABLE_DEBUG_INFO = INCLUDE_SOURCE;
				MTL_FAST_MATH = YES;
				ONLY_ACTIVE_ARCH = YES;
				SDKROOT = iphoneos;
				SWIFT_ACTIVE_COMPILATION_CONDITIONS = "DEBUG $(inherited)";
				SWIFT_OPTIMIZATION_LEVEL = "-Onone";
			};
			name = Debug;
		};
		395C31B72B2C5D5300B8EC1D /* Release */ = {
			isa = XCBuildConfiguration;
			buildSettings = {
				ALWAYS_SEARCH_USER_PATHS = NO;
				ASSETCATALOG_COMPILER_GENERATE_SWIFT_ASSET_SYMBOL_EXTENSIONS = YES;
				CLANG_ANALYZER_NONNULL = YES;
				CLANG_ANALYZER_NUMBER_OBJECT_CONVERSION = YES_AGGRESSIVE;
				CLANG_CXX_LANGUAGE_STANDARD = "gnu++20";
				CLANG_ENABLE_MODULES = YES;
				CLANG_ENABLE_OBJC_ARC = YES;
				CLANG_ENABLE_OBJC_WEAK = YES;
				CLANG_WARN_BLOCK_CAPTURE_AUTORELEASING = YES;
				CLANG_WARN_BOOL_CONVERSION = YES;
				CLANG_WARN_COMMA = YES;
				CLANG_WARN_CONSTANT_CONVERSION = YES;
				CLANG_WARN_DEPRECATED_OBJC_IMPLEMENTATIONS = YES;
				CLANG_WARN_DIRECT_OBJC_ISA_USAGE = YES_ERROR;
				CLANG_WARN_DOCUMENTATION_COMMENTS = YES;
				CLANG_WARN_EMPTY_BODY = YES;
				CLANG_WARN_ENUM_CONVERSION = YES;
				CLANG_WARN_INFINITE_RECURSION = YES;
				CLANG_WARN_INT_CONVERSION = YES;
				CLANG_WARN_NON_LITERAL_NULL_CONVERSION = YES;
				CLANG_WARN_OBJC_IMPLICIT_RETAIN_SELF = YES;
				CLANG_WARN_OBJC_LITERAL_CONVERSION = YES;
				CLANG_WARN_OBJC_ROOT_CLASS = YES_ERROR;
				CLANG_WARN_QUOTED_INCLUDE_IN_FRAMEWORK_HEADER = YES;
				CLANG_WARN_RANGE_LOOP_ANALYSIS = YES;
				CLANG_WARN_STRICT_PROTOTYPES = YES;
				CLANG_WARN_SUSPICIOUS_MOVE = YES;
				CLANG_WARN_UNGUARDED_AVAILABILITY = YES_AGGRESSIVE;
				CLANG_WARN_UNREACHABLE_CODE = YES;
				CLANG_WARN__DUPLICATE_METHOD_MATCH = YES;
				COPY_PHASE_STRIP = NO;
				DEBUG_INFORMATION_FORMAT = "dwarf-with-dsym";
				ENABLE_NS_ASSERTIONS = NO;
				ENABLE_STRICT_OBJC_MSGSEND = YES;
				ENABLE_USER_SCRIPT_SANDBOXING = YES;
				GCC_C_LANGUAGE_STANDARD = gnu17;
				GCC_NO_COMMON_BLOCKS = YES;
				GCC_WARN_64_TO_32_BIT_CONVERSION = YES;
				GCC_WARN_ABOUT_RETURN_TYPE = YES_ERROR;
				GCC_WARN_UNDECLARED_SELECTOR = YES;
				GCC_WARN_UNINITIALIZED_AUTOS = YES_AGGRESSIVE;
				GCC_WARN_UNUSED_FUNCTION = YES;
				GCC_WARN_UNUSED_VARIABLE = YES;
				IPHONEOS_DEPLOYMENT_TARGET = 17.0;
				LOCALIZATION_PREFERS_STRING_CATALOGS = YES;
				MTL_ENABLE_DEBUG_INFO = NO;
				MTL_FAST_MATH = YES;
				SDKROOT = iphoneos;
				SWIFT_COMPILATION_MODE = wholemodule;
				VALIDATE_PRODUCT = YES;
			};
			name = Release;
		};
		395C31B92B2C5D5300B8EC1D /* Debug */ = {
			isa = XCBuildConfiguration;
			buildSettings = {
				ASSETCATALOG_COMPILER_APPICON_NAME = AppIcon;
				ASSETCATALOG_COMPILER_GLOBAL_ACCENT_COLOR_NAME = AccentColor;
				CODE_SIGN_ENTITLEMENTS = Aspri/Aspri.entitlements;
				CODE_SIGN_STYLE = Automatic;
				CURRENT_PROJECT_VERSION = 1;
				DEVELOPMENT_ASSET_PATHS = "\"Aspri/Preview Content\"";
				DEVELOPMENT_TEAM = W224X6EJ52;
				ENABLE_PREVIEWS = YES;
				GENERATE_INFOPLIST_FILE = YES;
				INFOPLIST_FILE = Aspri/Info.plist;
				INFOPLIST_KEY_UIApplicationSceneManifest_Generation = YES;
				INFOPLIST_KEY_UIApplicationSupportsIndirectInputEvents = YES;
				INFOPLIST_KEY_UILaunchScreen_Generation = YES;
				INFOPLIST_KEY_UISupportedInterfaceOrientations_iPad = "UIInterfaceOrientationPortrait UIInterfaceOrientationPortraitUpsideDown UIInterfaceOrientationLandscapeLeft UIInterfaceOrientationLandscapeRight";
				INFOPLIST_KEY_UISupportedInterfaceOrientations_iPhone = "UIInterfaceOrientationPortrait UIInterfaceOrientationLandscapeLeft UIInterfaceOrientationLandscapeRight";
				LD_RUNPATH_SEARCH_PATHS = (
					"$(inherited)",
					"@executable_path/Frameworks",
				);
				MARKETING_VERSION = 1.0;
				PRODUCT_BUNDLE_IDENTIFIER = com.narayana.phi.Aspri;
				PRODUCT_NAME = "$(TARGET_NAME)";
				SWIFT_EMIT_LOC_STRINGS = YES;
				SWIFT_VERSION = 5.0;
				TARGETED_DEVICE_FAMILY = "1,2";
			};
			name = Debug;
		};
		395C31BA2B2C5D5300B8EC1D /* Release */ = {
			isa = XCBuildConfiguration;
			buildSettings = {
				ASSETCATALOG_COMPILER_APPICON_NAME = AppIcon;
				ASSETCATALOG_COMPILER_GLOBAL_ACCENT_COLOR_NAME = AccentColor;
				CODE_SIGN_ENTITLEMENTS = Aspri/Aspri.entitlements;
				CODE_SIGN_STYLE = Automatic;
				CURRENT_PROJECT_VERSION = 1;
				DEVELOPMENT_ASSET_PATHS = "\"Aspri/Preview Content\"";
				DEVELOPMENT_TEAM = W224X6EJ52;
				ENABLE_PREVIEWS = YES;
				GENERATE_INFOPLIST_FILE = YES;
				INFOPLIST_FILE = Aspri/Info.plist;
				INFOPLIST_KEY_UIApplicationSceneManifest_Generation = YES;
				INFOPLIST_KEY_UIApplicationSupportsIndirectInputEvents = YES;
				INFOPLIST_KEY_UILaunchScreen_Generation = YES;
				INFOPLIST_KEY_UISupportedInterfaceOrientations_iPad = "UIInterfaceOrientationPortrait UIInterfaceOrientationPortraitUpsideDown UIInterfaceOrientationLandscapeLeft UIInterfaceOrientationLandscapeRight";
				INFOPLIST_KEY_UISupportedInterfaceOrientations_iPhone = "UIInterfaceOrientationPortrait UIInterfaceOrientationLandscapeLeft UIInterfaceOrientationLandscapeRight";
				LD_RUNPATH_SEARCH_PATHS = (
					"$(inherited)",
					"@executable_path/Frameworks",
				);
				MARKETING_VERSION = 1.0;
				PRODUCT_BUNDLE_IDENTIFIER = com.narayana.phi.Aspri;
				PRODUCT_NAME = "$(TARGET_NAME)";
				SWIFT_EMIT_LOC_STRINGS = YES;
				SWIFT_VERSION = 5.0;
				TARGETED_DEVICE_FAMILY = "1,2";
			};
			name = Release;
		};
/* End XCBuildConfiguration section */

/* Begin XCConfigurationList section */
		395C31A12B2C5D5200B8EC1D /* Build configuration list for PBXProject "Aspri" */ = {
			isa = XCConfigurationList;
			buildConfigurations = (
				395C31B62B2C5D5300B8EC1D /* Debug */,
				395C31B72B2C5D5300B8EC1D /* Release */,
			);
			defaultConfigurationIsVisible = 0;
			defaultConfigurationName = Release;
		};
		395C31B82B2C5D5300B8EC1D /* Build configuration list for PBXNativeTarget "Aspri" */ = {
			isa = XCConfigurationList;
			buildConfigurations = (
				395C31B92B2C5D5300B8EC1D /* Debug */,
				395C31BA2B2C5D5300B8EC1D /* Release */,
			);
			defaultConfigurationIsVisible = 0;
			defaultConfigurationName = Release;
		};
/* End XCConfigurationList section */

/* Begin XCRemoteSwiftPackageReference section */
		395C31BD2B2C716300B8EC1D /* XCRemoteSwiftPackageReference "generative-ai-swift" */ = {
			isa = XCRemoteSwiftPackageReference;
			repositoryURL = "https://github.com/google/generative-ai-swift";
			requirement = {
				kind = upToNextMajorVersion;
				minimumVersion = 0.4.3;
			};
		};
		399B5FA22C3421BC00521F7E /* XCRemoteSwiftPackageReference "lottie-spm" */ = {
			isa = XCRemoteSwiftPackageReference;
			repositoryURL = "https://github.com/airbnb/lottie-spm.git";
			requirement = {
				kind = upToNextMajorVersion;
				minimumVersion = 4.4.3;
			};
		};
		39BBEB622C352439000DCD51 /* XCRemoteSwiftPackageReference "swift-markdown" */ = {
			isa = XCRemoteSwiftPackageReference;
			repositoryURL = "https://github.com/apple/swift-markdown";
			requirement = {
				kind = upToNextMajorVersion;
				minimumVersion = 0.4.0;
			};
		};
/* End XCRemoteSwiftPackageReference section */

/* Begin XCSwiftPackageProductDependency section */
		395C31BE2B2C716300B8EC1D /* GoogleGenerativeAI */ = {
			isa = XCSwiftPackageProductDependency;
			package = 395C31BD2B2C716300B8EC1D /* XCRemoteSwiftPackageReference "generative-ai-swift" */;
			productName = GoogleGenerativeAI;
		};
		399B5FA32C3421BC00521F7E /* Lottie */ = {
			isa = XCSwiftPackageProductDependency;
			package = 399B5FA22C3421BC00521F7E /* XCRemoteSwiftPackageReference "lottie-spm" */;
			productName = Lottie;
		};
		39BBEB632C352439000DCD51 /* Markdown */ = {
			isa = XCSwiftPackageProductDependency;
			package = 39BBEB622C352439000DCD51 /* XCRemoteSwiftPackageReference "swift-markdown" */;
			productName = Markdown;
		};
/* End XCSwiftPackageProductDependency section */
	};
	rootObject = 395C319E2B2C5D5200B8EC1D /* Project object */;
}
